// !$*UTF8*$!
{
	archiveVersion = 1;
	classes = {
	};
	objectVersion = 50;
	objects = {

/* Begin PBXBuildFile section */
		BF08FAD820CDF11D00268F09 /* CompanyDetailsController.swift in Sources */ = {isa = PBXBuildFile; fileRef = BF08FAD720CDF11D00268F09 /* CompanyDetailsController.swift */; };
		BF08FADA20CDF7E800268F09 /* OwnerCustomersController.swift in Sources */ = {isa = PBXBuildFile; fileRef = BF08FAD920CDF7E800268F09 /* OwnerCustomersController.swift */; };
		BF08FADC20CDFD0B00268F09 /* OwnerTeamController.swift in Sources */ = {isa = PBXBuildFile; fileRef = BF08FADB20CDFD0B00268F09 /* OwnerTeamController.swift */; };
		BF08FADE20CE165700268F09 /* OwnerAssetsController.swift in Sources */ = {isa = PBXBuildFile; fileRef = BF08FADD20CE165700268F09 /* OwnerAssetsController.swift */; };
		BF08FAE020D0A02300268F09 /* RenterTeamController.swift in Sources */ = {isa = PBXBuildFile; fileRef = BF08FADF20D0A02300268F09 /* RenterTeamController.swift */; };
		BF08FAE220D0BBC700268F09 /* ServiceProCompanyDetailsController.swift in Sources */ = {isa = PBXBuildFile; fileRef = BF08FAE120D0BBC700268F09 /* ServiceProCompanyDetailsController.swift */; };
		BF08FAE420D0C08C00268F09 /* ServiceProCustomersController.swift in Sources */ = {isa = PBXBuildFile; fileRef = BF08FAE320D0C08C00268F09 /* ServiceProCustomersController.swift */; };
		BF08FAE620D0C66F00268F09 /* ServiceProTeamController.swift in Sources */ = {isa = PBXBuildFile; fileRef = BF08FAE520D0C66F00268F09 /* ServiceProTeamController.swift */; };
		BF08FAEA20D3372700268F09 /* Model.swift in Sources */ = {isa = PBXBuildFile; fileRef = BF08FAE920D3372700268F09 /* Model.swift */; };
		BF08FAEC20D338AF00268F09 /* RequestController.swift in Sources */ = {isa = PBXBuildFile; fileRef = BF08FAEB20D338AF00268F09 /* RequestController.swift */; };
		BF08FAEE20D347AD00268F09 /* RenterMaintenanceHistory.storyboard in Resources */ = {isa = PBXBuildFile; fileRef = BF08FAED20D347AD00268F09 /* RenterMaintenanceHistory.storyboard */; };
		BF08FAF020D8B5EB00268F09 /* ServiceProMaintenanceAssessment.storyboard in Resources */ = {isa = PBXBuildFile; fileRef = BF08FAEF20D8B5EB00268F09 /* ServiceProMaintenanceAssessment.storyboard */; };
		BF08FAF220D8C95200268F09 /* ServiceProProgress.storyboard in Resources */ = {isa = PBXBuildFile; fileRef = BF08FAF120D8C95200268F09 /* ServiceProProgress.storyboard */; };
		BF08FAF420D8C9E900268F09 /* ServiceProHistory.storyboard in Resources */ = {isa = PBXBuildFile; fileRef = BF08FAF320D8C9E900268F09 /* ServiceProHistory.storyboard */; };
		BFB8505320ABE029007FC8F9 /* AppDelegate.swift in Sources */ = {isa = PBXBuildFile; fileRef = BFB8505220ABE029007FC8F9 /* AppDelegate.swift */; };
		BFB8505520ABE029007FC8F9 /* ViewController.swift in Sources */ = {isa = PBXBuildFile; fileRef = BFB8505420ABE029007FC8F9 /* ViewController.swift */; };
		BFB8505820ABE02A007FC8F9 /* Main.storyboard in Resources */ = {isa = PBXBuildFile; fileRef = BFB8505620ABE02A007FC8F9 /* Main.storyboard */; };
		BFB8505A20ABE02E007FC8F9 /* Assets.xcassets in Resources */ = {isa = PBXBuildFile; fileRef = BFB8505920ABE02E007FC8F9 /* Assets.xcassets */; };
		BFB8505D20ABE02E007FC8F9 /* LaunchScreen.storyboard in Resources */ = {isa = PBXBuildFile; fileRef = BFB8505B20ABE02E007FC8F9 /* LaunchScreen.storyboard */; };
		BFB8506820ABE02E007FC8F9 /* maryswatchTests.swift in Sources */ = {isa = PBXBuildFile; fileRef = BFB8506720ABE02E007FC8F9 /* maryswatchTests.swift */; };
		BFB8507320ABE02E007FC8F9 /* maryswatchUITests.swift in Sources */ = {isa = PBXBuildFile; fileRef = BFB8507220ABE02E007FC8F9 /* maryswatchUITests.swift */; };
		BFB8508820ABE80C007FC8F9 /* Owner Login.storyboard in Resources */ = {isa = PBXBuildFile; fileRef = BFB8508720ABE80C007FC8F9 /* Owner Login.storyboard */; };
		BFB8508B20ABE922007FC8F9 /* ChooseUserController.swift in Sources */ = {isa = PBXBuildFile; fileRef = BFB8508A20ABE922007FC8F9 /* ChooseUserController.swift */; };
		BFB8508D20ABE9EB007FC8F9 /* LandingPageController.swift in Sources */ = {isa = PBXBuildFile; fileRef = BFB8508C20ABE9EB007FC8F9 /* LandingPageController.swift */; };
		BFB8509120ABEB54007FC8F9 /* OwnerProfile.storyboard in Resources */ = {isa = PBXBuildFile; fileRef = BFB8509020ABEB54007FC8F9 /* OwnerProfile.storyboard */; };
		BFB8509320ABEB7A007FC8F9 /* OwnerCustomers.storyboard in Resources */ = {isa = PBXBuildFile; fileRef = BFB8509220ABEB7A007FC8F9 /* OwnerCustomers.storyboard */; };
		BFB8509520ABEB86007FC8F9 /* OwnerTeam.storyboard in Resources */ = {isa = PBXBuildFile; fileRef = BFB8509420ABEB86007FC8F9 /* OwnerTeam.storyboard */; };
		BFB8509720ABEBA9007FC8F9 /* OwnerAssets.storyboard in Resources */ = {isa = PBXBuildFile; fileRef = BFB8509620ABEBA9007FC8F9 /* OwnerAssets.storyboard */; };
		BFB850AE20B25E5E007FC8F9 /* OwnerMaintenanceRequest.storyboard in Resources */ = {isa = PBXBuildFile; fileRef = BFB850AD20B25E5E007FC8F9 /* OwnerMaintenanceRequest.storyboard */; };
		BFB850B020B25EDB007FC8F9 /* OwnerMaintenanceRequestController.swift in Sources */ = {isa = PBXBuildFile; fileRef = BFB850AF20B25EDB007FC8F9 /* OwnerMaintenanceRequestController.swift */; };
		BFB850B220B25F21007FC8F9 /* OwnerMaintenanceRequestCell.swift in Sources */ = {isa = PBXBuildFile; fileRef = BFB850B120B25F21007FC8F9 /* OwnerMaintenanceRequestCell.swift */; };
		BFB850B420B25F82007FC8F9 /* OwnerMessages.storyboard in Resources */ = {isa = PBXBuildFile; fileRef = BFB850B320B25F82007FC8F9 /* OwnerMessages.storyboard */; };
		BFB850B620B25FC6007FC8F9 /* OwnerMessagesController.swift in Sources */ = {isa = PBXBuildFile; fileRef = BFB850B520B25FC6007FC8F9 /* OwnerMessagesController.swift */; };
		BFB850B820B26058007FC8F9 /* OwnerHIstory.storyboard in Resources */ = {isa = PBXBuildFile; fileRef = BFB850B720B26058007FC8F9 /* OwnerHIstory.storyboard */; };
		BFB850BA20B260A1007FC8F9 /* OwnerHIstoryController.swift in Sources */ = {isa = PBXBuildFile; fileRef = BFB850B920B260A1007FC8F9 /* OwnerHIstoryController.swift */; };
		BFB850BC20B260DA007FC8F9 /* OwnerHistoryCell.swift in Sources */ = {isa = PBXBuildFile; fileRef = BFB850BB20B260DA007FC8F9 /* OwnerHistoryCell.swift */; };
		BFB850BE20B26164007FC8F9 /* InvoiceEstimateController.swift in Sources */ = {isa = PBXBuildFile; fileRef = BFB850BD20B26164007FC8F9 /* InvoiceEstimateController.swift */; };
		BFB850C020B261D2007FC8F9 /* InvoiceEstimateCell.swift in Sources */ = {isa = PBXBuildFile; fileRef = BFB850BF20B261D2007FC8F9 /* InvoiceEstimateCell.swift */; };
		BFB850C220B26249007FC8F9 /* OwnerProgress.storyboard in Resources */ = {isa = PBXBuildFile; fileRef = BFB850C120B26249007FC8F9 /* OwnerProgress.storyboard */; };
		BFB850C420B26290007FC8F9 /* OwnerProgressController.swift in Sources */ = {isa = PBXBuildFile; fileRef = BFB850C320B26290007FC8F9 /* OwnerProgressController.swift */; };
		BFB850C620B2633F007FC8F9 /* NewRequestsCell.swift in Sources */ = {isa = PBXBuildFile; fileRef = BFB850C520B2633F007FC8F9 /* NewRequestsCell.swift */; };
		BFB850C820B26380007FC8F9 /* OwnerProgressDataCell.swift in Sources */ = {isa = PBXBuildFile; fileRef = BFB850C720B26380007FC8F9 /* OwnerProgressDataCell.swift */; };
		BFB850CA20B3E224007FC8F9 /* RenterMaintenanceRequest.storyboard in Resources */ = {isa = PBXBuildFile; fileRef = BFB850C920B3E224007FC8F9 /* RenterMaintenanceRequest.storyboard */; };
		BFB850CC20B4C10D007FC8F9 /* RenterMaintenanceRequestController.swift in Sources */ = {isa = PBXBuildFile; fileRef = BFB850CB20B4C10D007FC8F9 /* RenterMaintenanceRequestController.swift */; };
		BFB850CE20B51F52007FC8F9 /* RenterMaintenanceProgress.storyboard in Resources */ = {isa = PBXBuildFile; fileRef = BFB850CD20B51F52007FC8F9 /* RenterMaintenanceProgress.storyboard */; };
		BFB850D020B51F8B007FC8F9 /* RenterMaintenanceProgressController.swift in Sources */ = {isa = PBXBuildFile; fileRef = BFB850CF20B51F8B007FC8F9 /* RenterMaintenanceProgressController.swift */; };
		BFB850D220B51FC4007FC8F9 /* RenterProgressCell.swift in Sources */ = {isa = PBXBuildFile; fileRef = BFB850D120B51FC4007FC8F9 /* RenterProgressCell.swift */; };
		BFB850D420B52049007FC8F9 /* RenterInvoiceEstimateController.swift in Sources */ = {isa = PBXBuildFile; fileRef = BFB850D320B52049007FC8F9 /* RenterInvoiceEstimateController.swift */; };
		BFB850D620B52087007FC8F9 /* RenterInvoiceEstimateCell.swift in Sources */ = {isa = PBXBuildFile; fileRef = BFB850D520B52087007FC8F9 /* RenterInvoiceEstimateCell.swift */; };
		BFB850D820B7365C007FC8F9 /* BreadBoxSP.storyboard in Resources */ = {isa = PBXBuildFile; fileRef = BFB850D720B7365C007FC8F9 /* BreadBoxSP.storyboard */; };
		BFB850DA20B7368A007FC8F9 /* BreadBoxRenter.storyboard in Resources */ = {isa = PBXBuildFile; fileRef = BFB850D920B7368A007FC8F9 /* BreadBoxRenter.storyboard */; };
		BFB850DC20B736C4007FC8F9 /* BreadBoxOwner.storyboard in Resources */ = {isa = PBXBuildFile; fileRef = BFB850DB20B736C4007FC8F9 /* BreadBoxOwner.storyboard */; };
		BFB850DE20B7378B007FC8F9 /* RenterProfile.storyboard in Resources */ = {isa = PBXBuildFile; fileRef = BFB850DD20B7378B007FC8F9 /* RenterProfile.storyboard */; };
		BFB850E020B73798007FC8F9 /* RenterTeam.storyboard in Resources */ = {isa = PBXBuildFile; fileRef = BFB850DF20B73798007FC8F9 /* RenterTeam.storyboard */; };
		BFB850E220B7384A007FC8F9 /* ServiceProProfile.storyboard in Resources */ = {isa = PBXBuildFile; fileRef = BFB850E120B7384A007FC8F9 /* ServiceProProfile.storyboard */; };
		BFB850E420B73869007FC8F9 /* ServiceProCustomers.storyboard in Resources */ = {isa = PBXBuildFile; fileRef = BFB850E320B73869007FC8F9 /* ServiceProCustomers.storyboard */; };
		BFB850E620B73885007FC8F9 /* ServiceProTeam.storyboard in Resources */ = {isa = PBXBuildFile; fileRef = BFB850E520B73885007FC8F9 /* ServiceProTeam.storyboard */; };
		BFB850E820B738A6007FC8F9 /* ServiceProCalendar.storyboard in Resources */ = {isa = PBXBuildFile; fileRef = BFB850E720B738A6007FC8F9 /* ServiceProCalendar.storyboard */; };
		BFB850EA20B73F4F007FC8F9 /* OwnerProfileController.swift in Sources */ = {isa = PBXBuildFile; fileRef = BFB850E920B73F4F007FC8F9 /* OwnerProfileController.swift */; };
		BFB850EC20B73F97007FC8F9 /* RenterProfileController.swift in Sources */ = {isa = PBXBuildFile; fileRef = BFB850EB20B73F97007FC8F9 /* RenterProfileController.swift */; };
		BFB850EE20B73FCD007FC8F9 /* ServiceProProfileController.swift in Sources */ = {isa = PBXBuildFile; fileRef = BFB850ED20B73FCD007FC8F9 /* ServiceProProfileController.swift */; };
/* End PBXBuildFile section */

/* Begin PBXContainerItemProxy section */
		BFB8506420ABE02E007FC8F9 /* PBXContainerItemProxy */ = {
			isa = PBXContainerItemProxy;
			containerPortal = BFB8504720ABE029007FC8F9 /* Project object */;
			proxyType = 1;
			remoteGlobalIDString = BFB8504E20ABE029007FC8F9;
			remoteInfo = maryswatch;
		};
		BFB8506F20ABE02E007FC8F9 /* PBXContainerItemProxy */ = {
			isa = PBXContainerItemProxy;
			containerPortal = BFB8504720ABE029007FC8F9 /* Project object */;
			proxyType = 1;
			remoteGlobalIDString = BFB8504E20ABE029007FC8F9;
			remoteInfo = maryswatch;
		};
/* End PBXContainerItemProxy section */

/* Begin PBXFileReference section */
		BF08FAD720CDF11D00268F09 /* CompanyDetailsController.swift */ = {isa = PBXFileReference; lastKnownFileType = sourcecode.swift; path = CompanyDetailsController.swift; sourceTree = "<group>"; };
		BF08FAD920CDF7E800268F09 /* OwnerCustomersController.swift */ = {isa = PBXFileReference; lastKnownFileType = sourcecode.swift; path = OwnerCustomersController.swift; sourceTree = "<group>"; };
		BF08FADB20CDFD0B00268F09 /* OwnerTeamController.swift */ = {isa = PBXFileReference; lastKnownFileType = sourcecode.swift; path = OwnerTeamController.swift; sourceTree = "<group>"; };
		BF08FADD20CE165700268F09 /* OwnerAssetsController.swift */ = {isa = PBXFileReference; lastKnownFileType = sourcecode.swift; path = OwnerAssetsController.swift; sourceTree = "<group>"; };
		BF08FADF20D0A02300268F09 /* RenterTeamController.swift */ = {isa = PBXFileReference; lastKnownFileType = sourcecode.swift; path = RenterTeamController.swift; sourceTree = "<group>"; };
		BF08FAE120D0BBC700268F09 /* ServiceProCompanyDetailsController.swift */ = {isa = PBXFileReference; lastKnownFileType = sourcecode.swift; path = ServiceProCompanyDetailsController.swift; sourceTree = "<group>"; };
		BF08FAE320D0C08C00268F09 /* ServiceProCustomersController.swift */ = {isa = PBXFileReference; lastKnownFileType = sourcecode.swift; path = ServiceProCustomersController.swift; sourceTree = "<group>"; };
		BF08FAE520D0C66F00268F09 /* ServiceProTeamController.swift */ = {isa = PBXFileReference; lastKnownFileType = sourcecode.swift; path = ServiceProTeamController.swift; sourceTree = "<group>"; };
		BF08FAE920D3372700268F09 /* Model.swift */ = {isa = PBXFileReference; lastKnownFileType = sourcecode.swift; path = Model.swift; sourceTree = "<group>"; };
		BF08FAEB20D338AF00268F09 /* RequestController.swift */ = {isa = PBXFileReference; lastKnownFileType = sourcecode.swift; path = RequestController.swift; sourceTree = "<group>"; };
		BF08FAED20D347AD00268F09 /* RenterMaintenanceHistory.storyboard */ = {isa = PBXFileReference; lastKnownFileType = file.storyboard; path = RenterMaintenanceHistory.storyboard; sourceTree = "<group>"; };
		BF08FAEF20D8B5EB00268F09 /* ServiceProMaintenanceAssessment.storyboard */ = {isa = PBXFileReference; lastKnownFileType = file.storyboard; path = ServiceProMaintenanceAssessment.storyboard; sourceTree = "<group>"; };
		BF08FAF120D8C95200268F09 /* ServiceProProgress.storyboard */ = {isa = PBXFileReference; lastKnownFileType = file.storyboard; path = ServiceProProgress.storyboard; sourceTree = "<group>"; };
		BF08FAF320D8C9E900268F09 /* ServiceProHistory.storyboard */ = {isa = PBXFileReference; lastKnownFileType = file.storyboard; path = ServiceProHistory.storyboard; sourceTree = "<group>"; };
		BFB8504F20ABE029007FC8F9 /* maryswatch.app */ = {isa = PBXFileReference; explicitFileType = wrapper.application; includeInIndex = 0; path = maryswatch.app; sourceTree = BUILT_PRODUCTS_DIR; };
		BFB8505220ABE029007FC8F9 /* AppDelegate.swift */ = {isa = PBXFileReference; lastKnownFileType = sourcecode.swift; path = AppDelegate.swift; sourceTree = "<group>"; };
		BFB8505420ABE029007FC8F9 /* ViewController.swift */ = {isa = PBXFileReference; lastKnownFileType = sourcecode.swift; path = ViewController.swift; sourceTree = "<group>"; };
		BFB8505720ABE02A007FC8F9 /* Base */ = {isa = PBXFileReference; lastKnownFileType = file.storyboard; name = Base; path = Base.lproj/Main.storyboard; sourceTree = "<group>"; };
		BFB8505920ABE02E007FC8F9 /* Assets.xcassets */ = {isa = PBXFileReference; lastKnownFileType = folder.assetcatalog; path = Assets.xcassets; sourceTree = "<group>"; };
		BFB8505C20ABE02E007FC8F9 /* Base */ = {isa = PBXFileReference; lastKnownFileType = file.storyboard; name = Base; path = Base.lproj/LaunchScreen.storyboard; sourceTree = "<group>"; };
		BFB8505E20ABE02E007FC8F9 /* Info.plist */ = {isa = PBXFileReference; lastKnownFileType = text.plist.xml; path = Info.plist; sourceTree = "<group>"; };
		BFB8506320ABE02E007FC8F9 /* maryswatchTests.xctest */ = {isa = PBXFileReference; explicitFileType = wrapper.cfbundle; includeInIndex = 0; path = maryswatchTests.xctest; sourceTree = BUILT_PRODUCTS_DIR; };
		BFB8506720ABE02E007FC8F9 /* maryswatchTests.swift */ = {isa = PBXFileReference; lastKnownFileType = sourcecode.swift; path = maryswatchTests.swift; sourceTree = "<group>"; };
		BFB8506920ABE02E007FC8F9 /* Info.plist */ = {isa = PBXFileReference; lastKnownFileType = text.plist.xml; path = Info.plist; sourceTree = "<group>"; };
		BFB8506E20ABE02E007FC8F9 /* maryswatchUITests.xctest */ = {isa = PBXFileReference; explicitFileType = wrapper.cfbundle; includeInIndex = 0; path = maryswatchUITests.xctest; sourceTree = BUILT_PRODUCTS_DIR; };
		BFB8507220ABE02E007FC8F9 /* maryswatchUITests.swift */ = {isa = PBXFileReference; lastKnownFileType = sourcecode.swift; path = maryswatchUITests.swift; sourceTree = "<group>"; };
		BFB8507420ABE02E007FC8F9 /* Info.plist */ = {isa = PBXFileReference; lastKnownFileType = text.plist.xml; path = Info.plist; sourceTree = "<group>"; };
		BFB8508720ABE80C007FC8F9 /* Owner Login.storyboard */ = {isa = PBXFileReference; lastKnownFileType = file.storyboard; path = "Owner Login.storyboard"; sourceTree = "<group>"; };
		BFB8508A20ABE922007FC8F9 /* ChooseUserController.swift */ = {isa = PBXFileReference; lastKnownFileType = sourcecode.swift; path = ChooseUserController.swift; sourceTree = "<group>"; };
		BFB8508C20ABE9EB007FC8F9 /* LandingPageController.swift */ = {isa = PBXFileReference; lastKnownFileType = sourcecode.swift; path = LandingPageController.swift; sourceTree = "<group>"; };
		BFB8509020ABEB54007FC8F9 /* OwnerProfile.storyboard */ = {isa = PBXFileReference; lastKnownFileType = file.storyboard; path = OwnerProfile.storyboard; sourceTree = "<group>"; };
		BFB8509220ABEB7A007FC8F9 /* OwnerCustomers.storyboard */ = {isa = PBXFileReference; lastKnownFileType = file.storyboard; path = OwnerCustomers.storyboard; sourceTree = "<group>"; };
		BFB8509420ABEB86007FC8F9 /* OwnerTeam.storyboard */ = {isa = PBXFileReference; lastKnownFileType = file.storyboard; path = OwnerTeam.storyboard; sourceTree = "<group>"; };
		BFB8509620ABEBA9007FC8F9 /* OwnerAssets.storyboard */ = {isa = PBXFileReference; lastKnownFileType = file.storyboard; path = OwnerAssets.storyboard; sourceTree = "<group>"; };
		BFB850AD20B25E5E007FC8F9 /* OwnerMaintenanceRequest.storyboard */ = {isa = PBXFileReference; lastKnownFileType = file.storyboard; path = OwnerMaintenanceRequest.storyboard; sourceTree = "<group>"; };
		BFB850AF20B25EDB007FC8F9 /* OwnerMaintenanceRequestController.swift */ = {isa = PBXFileReference; lastKnownFileType = sourcecode.swift; path = OwnerMaintenanceRequestController.swift; sourceTree = "<group>"; };
		BFB850B120B25F21007FC8F9 /* OwnerMaintenanceRequestCell.swift */ = {isa = PBXFileReference; lastKnownFileType = sourcecode.swift; path = OwnerMaintenanceRequestCell.swift; sourceTree = "<group>"; };
		BFB850B320B25F82007FC8F9 /* OwnerMessages.storyboard */ = {isa = PBXFileReference; lastKnownFileType = file.storyboard; path = OwnerMessages.storyboard; sourceTree = "<group>"; };
		BFB850B520B25FC6007FC8F9 /* OwnerMessagesController.swift */ = {isa = PBXFileReference; lastKnownFileType = sourcecode.swift; path = OwnerMessagesController.swift; sourceTree = "<group>"; };
		BFB850B720B26058007FC8F9 /* OwnerHIstory.storyboard */ = {isa = PBXFileReference; lastKnownFileType = file.storyboard; path = OwnerHIstory.storyboard; sourceTree = "<group>"; };
		BFB850B920B260A1007FC8F9 /* OwnerHIstoryController.swift */ = {isa = PBXFileReference; lastKnownFileType = sourcecode.swift; path = OwnerHIstoryController.swift; sourceTree = "<group>"; };
		BFB850BB20B260DA007FC8F9 /* OwnerHistoryCell.swift */ = {isa = PBXFileReference; lastKnownFileType = sourcecode.swift; path = OwnerHistoryCell.swift; sourceTree = "<group>"; };
		BFB850BD20B26164007FC8F9 /* InvoiceEstimateController.swift */ = {isa = PBXFileReference; lastKnownFileType = sourcecode.swift; path = InvoiceEstimateController.swift; sourceTree = "<group>"; };
		BFB850BF20B261D2007FC8F9 /* InvoiceEstimateCell.swift */ = {isa = PBXFileReference; lastKnownFileType = sourcecode.swift; path = InvoiceEstimateCell.swift; sourceTree = "<group>"; };
		BFB850C120B26249007FC8F9 /* OwnerProgress.storyboard */ = {isa = PBXFileReference; lastKnownFileType = file.storyboard; path = OwnerProgress.storyboard; sourceTree = "<group>"; };
		BFB850C320B26290007FC8F9 /* OwnerProgressController.swift */ = {isa = PBXFileReference; lastKnownFileType = sourcecode.swift; path = OwnerProgressController.swift; sourceTree = "<group>"; };
		BFB850C520B2633F007FC8F9 /* NewRequestsCell.swift */ = {isa = PBXFileReference; lastKnownFileType = sourcecode.swift; path = NewRequestsCell.swift; sourceTree = "<group>"; };
		BFB850C720B26380007FC8F9 /* OwnerProgressDataCell.swift */ = {isa = PBXFileReference; lastKnownFileType = sourcecode.swift; path = OwnerProgressDataCell.swift; sourceTree = "<group>"; };
		BFB850C920B3E224007FC8F9 /* RenterMaintenanceRequest.storyboard */ = {isa = PBXFileReference; lastKnownFileType = file.storyboard; path = RenterMaintenanceRequest.storyboard; sourceTree = "<group>"; };
		BFB850CB20B4C10D007FC8F9 /* RenterMaintenanceRequestController.swift */ = {isa = PBXFileReference; lastKnownFileType = sourcecode.swift; path = RenterMaintenanceRequestController.swift; sourceTree = "<group>"; };
		BFB850CD20B51F52007FC8F9 /* RenterMaintenanceProgress.storyboard */ = {isa = PBXFileReference; lastKnownFileType = file.storyboard; path = RenterMaintenanceProgress.storyboard; sourceTree = "<group>"; };
		BFB850CF20B51F8B007FC8F9 /* RenterMaintenanceProgressController.swift */ = {isa = PBXFileReference; lastKnownFileType = sourcecode.swift; path = RenterMaintenanceProgressController.swift; sourceTree = "<group>"; };
		BFB850D120B51FC4007FC8F9 /* RenterProgressCell.swift */ = {isa = PBXFileReference; lastKnownFileType = sourcecode.swift; path = RenterProgressCell.swift; sourceTree = "<group>"; };
		BFB850D320B52049007FC8F9 /* RenterInvoiceEstimateController.swift */ = {isa = PBXFileReference; lastKnownFileType = sourcecode.swift; path = RenterInvoiceEstimateController.swift; sourceTree = "<group>"; };
		BFB850D520B52087007FC8F9 /* RenterInvoiceEstimateCell.swift */ = {isa = PBXFileReference; lastKnownFileType = sourcecode.swift; path = RenterInvoiceEstimateCell.swift; sourceTree = "<group>"; };
		BFB850D720B7365C007FC8F9 /* BreadBoxSP.storyboard */ = {isa = PBXFileReference; lastKnownFileType = file.storyboard; path = BreadBoxSP.storyboard; sourceTree = "<group>"; };
		BFB850D920B7368A007FC8F9 /* BreadBoxRenter.storyboard */ = {isa = PBXFileReference; lastKnownFileType = file.storyboard; path = BreadBoxRenter.storyboard; sourceTree = "<group>"; };
		BFB850DB20B736C4007FC8F9 /* BreadBoxOwner.storyboard */ = {isa = PBXFileReference; lastKnownFileType = file.storyboard; path = BreadBoxOwner.storyboard; sourceTree = "<group>"; };
		BFB850DD20B7378B007FC8F9 /* RenterProfile.storyboard */ = {isa = PBXFileReference; lastKnownFileType = file.storyboard; path = RenterProfile.storyboard; sourceTree = "<group>"; };
		BFB850DF20B73798007FC8F9 /* RenterTeam.storyboard */ = {isa = PBXFileReference; lastKnownFileType = file.storyboard; path = RenterTeam.storyboard; sourceTree = "<group>"; };
		BFB850E120B7384A007FC8F9 /* ServiceProProfile.storyboard */ = {isa = PBXFileReference; lastKnownFileType = file.storyboard; path = ServiceProProfile.storyboard; sourceTree = "<group>"; };
		BFB850E320B73869007FC8F9 /* ServiceProCustomers.storyboard */ = {isa = PBXFileReference; lastKnownFileType = file.storyboard; path = ServiceProCustomers.storyboard; sourceTree = "<group>"; };
		BFB850E520B73885007FC8F9 /* ServiceProTeam.storyboard */ = {isa = PBXFileReference; lastKnownFileType = file.storyboard; path = ServiceProTeam.storyboard; sourceTree = "<group>"; };
		BFB850E720B738A6007FC8F9 /* ServiceProCalendar.storyboard */ = {isa = PBXFileReference; lastKnownFileType = file.storyboard; path = ServiceProCalendar.storyboard; sourceTree = "<group>"; };
		BFB850E920B73F4F007FC8F9 /* OwnerProfileController.swift */ = {isa = PBXFileReference; lastKnownFileType = sourcecode.swift; path = OwnerProfileController.swift; sourceTree = "<group>"; };
		BFB850EB20B73F97007FC8F9 /* RenterProfileController.swift */ = {isa = PBXFileReference; lastKnownFileType = sourcecode.swift; path = RenterProfileController.swift; sourceTree = "<group>"; };
		BFB850ED20B73FCD007FC8F9 /* ServiceProProfileController.swift */ = {isa = PBXFileReference; lastKnownFileType = sourcecode.swift; path = ServiceProProfileController.swift; sourceTree = "<group>"; };
/* End PBXFileReference section */

/* Begin PBXFrameworksBuildPhase section */
		BFB8504C20ABE029007FC8F9 /* Frameworks */ = {
			isa = PBXFrameworksBuildPhase;
			buildActionMask = 2147483647;
			files = (
			);
			runOnlyForDeploymentPostprocessing = 0;
		};
		BFB8506020ABE02E007FC8F9 /* Frameworks */ = {
			isa = PBXFrameworksBuildPhase;
			buildActionMask = 2147483647;
			files = (
			);
			runOnlyForDeploymentPostprocessing = 0;
		};
		BFB8506B20ABE02E007FC8F9 /* Frameworks */ = {
			isa = PBXFrameworksBuildPhase;
			buildActionMask = 2147483647;
			files = (
			);
			runOnlyForDeploymentPostprocessing = 0;
		};
/* End PBXFrameworksBuildPhase section */

/* Begin PBXGroup section */
		BF08FAE720D3366200268F09 /* Model */ = {
			isa = PBXGroup;
			children = (
				BF08FAE920D3372700268F09 /* Model.swift */,
			);
			path = Model;
			sourceTree = "<group>";
		};
		BF08FAE820D3368700268F09 /* Controller */ = {
			isa = PBXGroup;
			children = (
				BF08FAEB20D338AF00268F09 /* RequestController.swift */,
			);
			path = Controller;
			sourceTree = "<group>";
		};
		BFB8504620ABE029007FC8F9 = {
			isa = PBXGroup;
			children = (
				BFB8505120ABE029007FC8F9 /* maryswatch */,
				BFB850A320AD42CD007FC8F9 /* The Boss */,
				BFB8508020ABE3B5007FC8F9 /* Upkeep */,
				BFB8508120ABE3C0007FC8F9 /* CoffeeCan */,
				BFB8508220ABE3CC007FC8F9 /* Breadbox */,
				BF08FAE720D3366200268F09 /* Model */,
				BF08FAE820D3368700268F09 /* Controller */,
				BFB8506620ABE02E007FC8F9 /* maryswatchTests */,
				BFB8507120ABE02E007FC8F9 /* maryswatchUITests */,
				BFB8505020ABE029007FC8F9 /* Products */,
			);
			sourceTree = "<group>";
		};
		BFB8505020ABE029007FC8F9 /* Products */ = {
			isa = PBXGroup;
			children = (
				BFB8504F20ABE029007FC8F9 /* maryswatch.app */,
				BFB8506320ABE02E007FC8F9 /* maryswatchTests.xctest */,
				BFB8506E20ABE02E007FC8F9 /* maryswatchUITests.xctest */,
			);
			name = Products;
			sourceTree = "<group>";
		};
		BFB8505120ABE029007FC8F9 /* maryswatch */ = {
			isa = PBXGroup;
			children = (
				BFB8505220ABE029007FC8F9 /* AppDelegate.swift */,
				BFB8505420ABE029007FC8F9 /* ViewController.swift */,
				BFB8505620ABE02A007FC8F9 /* Main.storyboard */,
				BFB8508A20ABE922007FC8F9 /* ChooseUserController.swift */,
				BFB8508C20ABE9EB007FC8F9 /* LandingPageController.swift */,
				BFB8505920ABE02E007FC8F9 /* Assets.xcassets */,
				BFB8505B20ABE02E007FC8F9 /* LaunchScreen.storyboard */,
				BFB8505E20ABE02E007FC8F9 /* Info.plist */,
			);
			path = maryswatch;
			sourceTree = "<group>";
		};
		BFB8506620ABE02E007FC8F9 /* maryswatchTests */ = {
			isa = PBXGroup;
			children = (
				BFB8506720ABE02E007FC8F9 /* maryswatchTests.swift */,
				BFB8506920ABE02E007FC8F9 /* Info.plist */,
			);
			path = maryswatchTests;
			sourceTree = "<group>";
		};
		BFB8507120ABE02E007FC8F9 /* maryswatchUITests */ = {
			isa = PBXGroup;
			children = (
				BFB8507220ABE02E007FC8F9 /* maryswatchUITests.swift */,
				BFB8507420ABE02E007FC8F9 /* Info.plist */,
			);
			path = maryswatchUITests;
			sourceTree = "<group>";
		};
		BFB8508020ABE3B5007FC8F9 /* Upkeep */ = {
			isa = PBXGroup;
			children = (
				BFB8508520ABE405007FC8F9 /* Owner */,
				BFB8508420ABE3F3007FC8F9 /* Renter */,
				BFB8508320ABE3E8007FC8F9 /* ServicePro */,
			);
			path = Upkeep;
			sourceTree = "<group>";
		};
		BFB8508120ABE3C0007FC8F9 /* CoffeeCan */ = {
			isa = PBXGroup;
			children = (
				BFB850A920AD4350007FC8F9 /* CoffeeCanOwner */,
				BFB850A820AD4347007FC8F9 /* CoffeeCanRenter */,
				BFB850A720AD433B007FC8F9 /* CoffeeCanSP */,
			);
			path = CoffeeCan;
			sourceTree = "<group>";
		};
		BFB8508220ABE3CC007FC8F9 /* Breadbox */ = {
			isa = PBXGroup;
			children = (
				BFB850A520AD4305007FC8F9 /* BreadboxOwner */,
				BFB850A620AD4319007FC8F9 /* BreadboxRenter */,
				BFB850A420AD42EF007FC8F9 /* BreadboxSP */,
			);
			path = Breadbox;
			sourceTree = "<group>";
		};
		BFB8508320ABE3E8007FC8F9 /* ServicePro */ = {
			isa = PBXGroup;
			children = (
				BFB850A220AD411B007FC8F9 /* ServicePro Login */,
				BFB850A120AD410E007FC8F9 /* ServicePro Maintenance Assessment */,
				BFB8509F20AD4093007FC8F9 /* ServicePro Current */,
				BFB8509E20AD4073007FC8F9 /* ServicePro History */,
				BFB850A020AD40AF007FC8F9 /* ServicePro Manage My Account */,
			);
			path = ServicePro;
			sourceTree = "<group>";
		};
		BFB8508420ABE3F3007FC8F9 /* Renter */ = {
			isa = PBXGroup;
			children = (
				BFB8509D20AD3261007FC8F9 /* Renter Login */,
				BFB8509C20AD3258007FC8F9 /* Maintenance Request */,
				BFB8509B20AD324E007FC8F9 /* Maintenance Assessment */,
				BFB8509A20AD3238007FC8F9 /* Manage My Account */,
			);
			path = Renter;
			sourceTree = "<group>";
		};
		BFB8508520ABE405007FC8F9 /* Owner */ = {
			isa = PBXGroup;
			children = (
				BFB8508620ABE7DC007FC8F9 /* Owner Login */,
				BFB8508920ABE8DA007FC8F9 /* Maintenance Request */,
				BFB8509920AD31D6007FC8F9 /* Maintenance Assessment */,
				BFB8508F20ABEB05007FC8F9 /* Manage My Account */,
			);
			path = Owner;
			sourceTree = "<group>";
		};
		BFB8508620ABE7DC007FC8F9 /* Owner Login */ = {
			isa = PBXGroup;
			children = (
				BFB8508720ABE80C007FC8F9 /* Owner Login.storyboard */,
			);
			path = "Owner Login";
			sourceTree = "<group>";
		};
		BFB8508920ABE8DA007FC8F9 /* Maintenance Request */ = {
			isa = PBXGroup;
			children = (
				BFB850AD20B25E5E007FC8F9 /* OwnerMaintenanceRequest.storyboard */,
				BFB850AF20B25EDB007FC8F9 /* OwnerMaintenanceRequestController.swift */,
				BFB850B120B25F21007FC8F9 /* OwnerMaintenanceRequestCell.swift */,
				BFB850B320B25F82007FC8F9 /* OwnerMessages.storyboard */,
				BFB850B520B25FC6007FC8F9 /* OwnerMessagesController.swift */,
			);
			path = "Maintenance Request";
			sourceTree = "<group>";
		};
		BFB8508F20ABEB05007FC8F9 /* Manage My Account */ = {
			isa = PBXGroup;
			children = (
				BFB8509020ABEB54007FC8F9 /* OwnerProfile.storyboard */,
				BF08FAD720CDF11D00268F09 /* CompanyDetailsController.swift */,
				BFB850E920B73F4F007FC8F9 /* OwnerProfileController.swift */,
				BFB8509220ABEB7A007FC8F9 /* OwnerCustomers.storyboard */,
				BF08FAD920CDF7E800268F09 /* OwnerCustomersController.swift */,
				BFB8509420ABEB86007FC8F9 /* OwnerTeam.storyboard */,
				BF08FADB20CDFD0B00268F09 /* OwnerTeamController.swift */,
				BFB8509620ABEBA9007FC8F9 /* OwnerAssets.storyboard */,
				BF08FADD20CE165700268F09 /* OwnerAssetsController.swift */,
			);
			path = "Manage My Account";
			sourceTree = "<group>";
		};
		BFB8509920AD31D6007FC8F9 /* Maintenance Assessment */ = {
			isa = PBXGroup;
			children = (
				BFB850B720B26058007FC8F9 /* OwnerHIstory.storyboard */,
				BFB850B920B260A1007FC8F9 /* OwnerHIstoryController.swift */,
				BFB850BB20B260DA007FC8F9 /* OwnerHistoryCell.swift */,
				BFB850BD20B26164007FC8F9 /* InvoiceEstimateController.swift */,
				BFB850BF20B261D2007FC8F9 /* InvoiceEstimateCell.swift */,
				BFB850C120B26249007FC8F9 /* OwnerProgress.storyboard */,
				BFB850C320B26290007FC8F9 /* OwnerProgressController.swift */,
				BFB850C520B2633F007FC8F9 /* NewRequestsCell.swift */,
				BFB850C720B26380007FC8F9 /* OwnerProgressDataCell.swift */,
			);
			path = "Maintenance Assessment";
			sourceTree = "<group>";
		};
		BFB8509A20AD3238007FC8F9 /* Manage My Account */ = {
			isa = PBXGroup;
			children = (
				BFB850DD20B7378B007FC8F9 /* RenterProfile.storyboard */,
				BFB850EB20B73F97007FC8F9 /* RenterProfileController.swift */,
				BFB850DF20B73798007FC8F9 /* RenterTeam.storyboard */,
				BF08FADF20D0A02300268F09 /* RenterTeamController.swift */,
			);
			path = "Manage My Account";
			sourceTree = "<group>";
		};
		BFB8509B20AD324E007FC8F9 /* Maintenance Assessment */ = {
			isa = PBXGroup;
			children = (
				BFB850CD20B51F52007FC8F9 /* RenterMaintenanceProgress.storyboard */,
				BFB850CF20B51F8B007FC8F9 /* RenterMaintenanceProgressController.swift */,
				BFB850D120B51FC4007FC8F9 /* RenterProgressCell.swift */,
				BFB850D320B52049007FC8F9 /* RenterInvoiceEstimateController.swift */,
				BFB850D520B52087007FC8F9 /* RenterInvoiceEstimateCell.swift */,
				BF08FAED20D347AD00268F09 /* RenterMaintenanceHistory.storyboard */,
			);
			path = "Maintenance Assessment";
			sourceTree = "<group>";
		};
		BFB8509C20AD3258007FC8F9 /* Maintenance Request */ = {
			isa = PBXGroup;
			children = (
				BFB850C920B3E224007FC8F9 /* RenterMaintenanceRequest.storyboard */,
				BFB850CB20B4C10D007FC8F9 /* RenterMaintenanceRequestController.swift */,
			);
			path = "Maintenance Request";
			sourceTree = "<group>";
		};
		BFB8509D20AD3261007FC8F9 /* Renter Login */ = {
			isa = PBXGroup;
			children = (
			);
			path = "Renter Login";
			sourceTree = "<group>";
		};
		BFB8509E20AD4073007FC8F9 /* ServicePro History */ = {
			isa = PBXGroup;
			children = (
				BF08FAF320D8C9E900268F09 /* ServiceProHistory.storyboard */,
			);
			path = "ServicePro History";
			sourceTree = "<group>";
		};
		BFB8509F20AD4093007FC8F9 /* ServicePro Current */ = {
			isa = PBXGroup;
			children = (
				BF08FAF120D8C95200268F09 /* ServiceProProgress.storyboard */,
			);
			path = "ServicePro Current";
			sourceTree = "<group>";
		};
		BFB850A020AD40AF007FC8F9 /* ServicePro Manage My Account */ = {
			isa = PBXGroup;
			children = (
				BFB850E120B7384A007FC8F9 /* ServiceProProfile.storyboard */,
				BFB850ED20B73FCD007FC8F9 /* ServiceProProfileController.swift */,
				BF08FAE120D0BBC700268F09 /* ServiceProCompanyDetailsController.swift */,
				BFB850E320B73869007FC8F9 /* ServiceProCustomers.storyboard */,
				BF08FAE320D0C08C00268F09 /* ServiceProCustomersController.swift */,
				BFB850E520B73885007FC8F9 /* ServiceProTeam.storyboard */,
				BF08FAE520D0C66F00268F09 /* ServiceProTeamController.swift */,
				BFB850E720B738A6007FC8F9 /* ServiceProCalendar.storyboard */,
			);
			path = "ServicePro Manage My Account";
			sourceTree = "<group>";
		};
		BFB850A120AD410E007FC8F9 /* ServicePro Maintenance Assessment */ = {
			isa = PBXGroup;
			children = (
				BF08FAEF20D8B5EB00268F09 /* ServiceProMaintenanceAssessment.storyboard */,
			);
			path = "ServicePro Maintenance Assessment";
			sourceTree = "<group>";
		};
		BFB850A220AD411B007FC8F9 /* ServicePro Login */ = {
			isa = PBXGroup;
			children = (
			);
			path = "ServicePro Login";
			sourceTree = "<group>";
		};
		BFB850A320AD42CD007FC8F9 /* The Boss */ = {
			isa = PBXGroup;
			children = (
				BFB850AC20AD4396007FC8F9 /* TheBossOwner */,
				BFB850AB20AD438F007FC8F9 /* TheBossRenter */,
				BFB850AA20AD4381007FC8F9 /* TheBossSP */,
			);
			path = "The Boss";
			sourceTree = "<group>";
		};
		BFB850A420AD42EF007FC8F9 /* BreadboxSP */ = {
			isa = PBXGroup;
			children = (
				BFB850D720B7365C007FC8F9 /* BreadBoxSP.storyboard */,
			);
			path = BreadboxSP;
			sourceTree = "<group>";
		};
		BFB850A520AD4305007FC8F9 /* BreadboxOwner */ = {
			isa = PBXGroup;
			children = (
				BFB850DB20B736C4007FC8F9 /* BreadBoxOwner.storyboard */,
			);
			path = BreadboxOwner;
			sourceTree = "<group>";
		};
		BFB850A620AD4319007FC8F9 /* BreadboxRenter */ = {
			isa = PBXGroup;
			children = (
				BFB850D920B7368A007FC8F9 /* BreadBoxRenter.storyboard */,
			);
			path = BreadboxRenter;
			sourceTree = "<group>";
		};
		BFB850A720AD433B007FC8F9 /* CoffeeCanSP */ = {
			isa = PBXGroup;
			children = (
			);
			path = CoffeeCanSP;
			sourceTree = "<group>";
		};
		BFB850A820AD4347007FC8F9 /* CoffeeCanRenter */ = {
			isa = PBXGroup;
			children = (
			);
			path = CoffeeCanRenter;
			sourceTree = "<group>";
		};
		BFB850A920AD4350007FC8F9 /* CoffeeCanOwner */ = {
			isa = PBXGroup;
			children = (
			);
			path = CoffeeCanOwner;
			sourceTree = "<group>";
		};
		BFB850AA20AD4381007FC8F9 /* TheBossSP */ = {
			isa = PBXGroup;
			children = (
			);
			path = TheBossSP;
			sourceTree = "<group>";
		};
		BFB850AB20AD438F007FC8F9 /* TheBossRenter */ = {
			isa = PBXGroup;
			children = (
			);
			path = TheBossRenter;
			sourceTree = "<group>";
		};
		BFB850AC20AD4396007FC8F9 /* TheBossOwner */ = {
			isa = PBXGroup;
			children = (
			);
			path = TheBossOwner;
			sourceTree = "<group>";
		};
/* End PBXGroup section */

/* Begin PBXNativeTarget section */
		BFB8504E20ABE029007FC8F9 /* maryswatch */ = {
			isa = PBXNativeTarget;
			buildConfigurationList = BFB8507720ABE02E007FC8F9 /* Build configuration list for PBXNativeTarget "maryswatch" */;
			buildPhases = (
				BFB8504B20ABE029007FC8F9 /* Sources */,
				BFB8504C20ABE029007FC8F9 /* Frameworks */,
				BFB8504D20ABE029007FC8F9 /* Resources */,
			);
			buildRules = (
			);
			dependencies = (
			);
			name = maryswatch;
			productName = maryswatch;
			productReference = BFB8504F20ABE029007FC8F9 /* maryswatch.app */;
			productType = "com.apple.product-type.application";
		};
		BFB8506220ABE02E007FC8F9 /* maryswatchTests */ = {
			isa = PBXNativeTarget;
			buildConfigurationList = BFB8507A20ABE02E007FC8F9 /* Build configuration list for PBXNativeTarget "maryswatchTests" */;
			buildPhases = (
				BFB8505F20ABE02E007FC8F9 /* Sources */,
				BFB8506020ABE02E007FC8F9 /* Frameworks */,
				BFB8506120ABE02E007FC8F9 /* Resources */,
			);
			buildRules = (
			);
			dependencies = (
				BFB8506520ABE02E007FC8F9 /* PBXTargetDependency */,
			);
			name = maryswatchTests;
			productName = maryswatchTests;
			productReference = BFB8506320ABE02E007FC8F9 /* maryswatchTests.xctest */;
			productType = "com.apple.product-type.bundle.unit-test";
		};
		BFB8506D20ABE02E007FC8F9 /* maryswatchUITests */ = {
			isa = PBXNativeTarget;
			buildConfigurationList = BFB8507D20ABE02E007FC8F9 /* Build configuration list for PBXNativeTarget "maryswatchUITests" */;
			buildPhases = (
				BFB8506A20ABE02E007FC8F9 /* Sources */,
				BFB8506B20ABE02E007FC8F9 /* Frameworks */,
				BFB8506C20ABE02E007FC8F9 /* Resources */,
			);
			buildRules = (
			);
			dependencies = (
				BFB8507020ABE02E007FC8F9 /* PBXTargetDependency */,
			);
			name = maryswatchUITests;
			productName = maryswatchUITests;
			productReference = BFB8506E20ABE02E007FC8F9 /* maryswatchUITests.xctest */;
			productType = "com.apple.product-type.bundle.ui-testing";
		};
/* End PBXNativeTarget section */

/* Begin PBXProject section */
		BFB8504720ABE029007FC8F9 /* Project object */ = {
			isa = PBXProject;
			attributes = {
				LastSwiftUpdateCheck = 0930;
				LastUpgradeCheck = 0930;
				ORGANIZATIONNAME = "FOGDev Studios";
				TargetAttributes = {
					BFB8504E20ABE029007FC8F9 = {
						CreatedOnToolsVersion = 9.3.1;
					};
					BFB8506220ABE02E007FC8F9 = {
						CreatedOnToolsVersion = 9.3.1;
						TestTargetID = BFB8504E20ABE029007FC8F9;
					};
					BFB8506D20ABE02E007FC8F9 = {
						CreatedOnToolsVersion = 9.3.1;
						TestTargetID = BFB8504E20ABE029007FC8F9;
					};
				};
			};
			buildConfigurationList = BFB8504A20ABE029007FC8F9 /* Build configuration list for PBXProject "maryswatch" */;
			compatibilityVersion = "Xcode 9.3";
			developmentRegion = en;
			hasScannedForEncodings = 0;
			knownRegions = (
				en,
				Base,
			);
			mainGroup = BFB8504620ABE029007FC8F9;
			productRefGroup = BFB8505020ABE029007FC8F9 /* Products */;
			projectDirPath = "";
			projectRoot = "";
			targets = (
				BFB8504E20ABE029007FC8F9 /* maryswatch */,
				BFB8506220ABE02E007FC8F9 /* maryswatchTests */,
				BFB8506D20ABE02E007FC8F9 /* maryswatchUITests */,
			);
		};
/* End PBXProject section */

/* Begin PBXResourcesBuildPhase section */
		BFB8504D20ABE029007FC8F9 /* Resources */ = {
			isa = PBXResourcesBuildPhase;
			buildActionMask = 2147483647;
			files = (
				BFB8509120ABEB54007FC8F9 /* OwnerProfile.storyboard in Resources */,
				BFB8505D20ABE02E007FC8F9 /* LaunchScreen.storyboard in Resources */,
				BFB850E220B7384A007FC8F9 /* ServiceProProfile.storyboard in Resources */,
				BFB850E620B73885007FC8F9 /* ServiceProTeam.storyboard in Resources */,
				BFB8509320ABEB7A007FC8F9 /* OwnerCustomers.storyboard in Resources */,
				BFB850AE20B25E5E007FC8F9 /* OwnerMaintenanceRequest.storyboard in Resources */,
				BFB850B420B25F82007FC8F9 /* OwnerMessages.storyboard in Resources */,
				BF08FAEE20D347AD00268F09 /* RenterMaintenanceHistory.storyboard in Resources */,
				BFB850B820B26058007FC8F9 /* OwnerHIstory.storyboard in Resources */,
				BFB850CA20B3E224007FC8F9 /* RenterMaintenanceRequest.storyboard in Resources */,
				BFB850DA20B7368A007FC8F9 /* BreadBoxRenter.storyboard in Resources */,
				BFB8509720ABEBA9007FC8F9 /* OwnerAssets.storyboard in Resources */,
				BF08FAF020D8B5EB00268F09 /* ServiceProMaintenanceAssessment.storyboard in Resources */,
				BFB8508820ABE80C007FC8F9 /* Owner Login.storyboard in Resources */,
				BFB850DE20B7378B007FC8F9 /* RenterProfile.storyboard in Resources */,
				BFB850CE20B51F52007FC8F9 /* RenterMaintenanceProgress.storyboard in Resources */,
				BFB850E820B738A6007FC8F9 /* ServiceProCalendar.storyboard in Resources */,
				BFB8505A20ABE02E007FC8F9 /* Assets.xcassets in Resources */,
				BFB850D820B7365C007FC8F9 /* BreadBoxSP.storyboard in Resources */,
				BFB8509520ABEB86007FC8F9 /* OwnerTeam.storyboard in Resources */,
				BFB850E020B73798007FC8F9 /* RenterTeam.storyboard in Resources */,
				BF08FAF420D8C9E900268F09 /* ServiceProHistory.storyboard in Resources */,
				BF08FAF220D8C95200268F09 /* ServiceProProgress.storyboard in Resources */,
				BFB850DC20B736C4007FC8F9 /* BreadBoxOwner.storyboard in Resources */,
				BFB8505820ABE02A007FC8F9 /* Main.storyboard in Resources */,
				BFB850E420B73869007FC8F9 /* ServiceProCustomers.storyboard in Resources */,
				BFB850C220B26249007FC8F9 /* OwnerProgress.storyboard in Resources */,
			);
			runOnlyForDeploymentPostprocessing = 0;
		};
		BFB8506120ABE02E007FC8F9 /* Resources */ = {
			isa = PBXResourcesBuildPhase;
			buildActionMask = 2147483647;
			files = (
			);
			runOnlyForDeploymentPostprocessing = 0;
		};
		BFB8506C20ABE02E007FC8F9 /* Resources */ = {
			isa = PBXResourcesBuildPhase;
			buildActionMask = 2147483647;
			files = (
			);
			runOnlyForDeploymentPostprocessing = 0;
		};
/* End PBXResourcesBuildPhase section */

/* Begin PBXSourcesBuildPhase section */
		BFB8504B20ABE029007FC8F9 /* Sources */ = {
			isa = PBXSourcesBuildPhase;
			buildActionMask = 2147483647;
			files = (
				BFB850EC20B73F97007FC8F9 /* RenterProfileController.swift in Sources */,
				BFB850D020B51F8B007FC8F9 /* RenterMaintenanceProgressController.swift in Sources */,
				BFB850D420B52049007FC8F9 /* RenterInvoiceEstimateController.swift in Sources */,
				BFB850D220B51FC4007FC8F9 /* RenterProgressCell.swift in Sources */,
				BFB850BC20B260DA007FC8F9 /* OwnerHistoryCell.swift in Sources */,
				BF08FADA20CDF7E800268F09 /* OwnerCustomersController.swift in Sources */,
				BFB850CC20B4C10D007FC8F9 /* RenterMaintenanceRequestController.swift in Sources */,
				BFB850BA20B260A1007FC8F9 /* OwnerHIstoryController.swift in Sources */,
				BFB8508D20ABE9EB007FC8F9 /* LandingPageController.swift in Sources */,
				BFB850B220B25F21007FC8F9 /* OwnerMaintenanceRequestCell.swift in Sources */,
				BFB850C620B2633F007FC8F9 /* NewRequestsCell.swift in Sources */,
				BFB850C020B261D2007FC8F9 /* InvoiceEstimateCell.swift in Sources */,
				BF08FADE20CE165700268F09 /* OwnerAssetsController.swift in Sources */,
				BF08FAE420D0C08C00268F09 /* ServiceProCustomersController.swift in Sources */,
				BFB8505520ABE029007FC8F9 /* ViewController.swift in Sources */,
				BF08FAE220D0BBC700268F09 /* ServiceProCompanyDetailsController.swift in Sources */,
				BF08FAEA20D3372700268F09 /* Model.swift in Sources */,
				BF08FAE620D0C66F00268F09 /* ServiceProTeamController.swift in Sources */,
				BFB850EA20B73F4F007FC8F9 /* OwnerProfileController.swift in Sources */,
				BFB850BE20B26164007FC8F9 /* InvoiceEstimateController.swift in Sources */,
				BF08FAE020D0A02300268F09 /* RenterTeamController.swift in Sources */,
				BFB850B020B25EDB007FC8F9 /* OwnerMaintenanceRequestController.swift in Sources */,
				BF08FAD820CDF11D00268F09 /* CompanyDetailsController.swift in Sources */,
				BFB850EE20B73FCD007FC8F9 /* ServiceProProfileController.swift in Sources */,
				BFB850C420B26290007FC8F9 /* OwnerProgressController.swift in Sources */,
				BF08FADC20CDFD0B00268F09 /* OwnerTeamController.swift in Sources */,
				BFB850C820B26380007FC8F9 /* OwnerProgressDataCell.swift in Sources */,
				BFB8505320ABE029007FC8F9 /* AppDelegate.swift in Sources */,
				BFB850B620B25FC6007FC8F9 /* OwnerMessagesController.swift in Sources */,
				BFB8508B20ABE922007FC8F9 /* ChooseUserController.swift in Sources */,
				BFB850D620B52087007FC8F9 /* RenterInvoiceEstimateCell.swift in Sources */,
				BF08FAEC20D338AF00268F09 /* RequestController.swift in Sources */,
			);
			runOnlyForDeploymentPostprocessing = 0;
		};
		BFB8505F20ABE02E007FC8F9 /* Sources */ = {
			isa = PBXSourcesBuildPhase;
			buildActionMask = 2147483647;
			files = (
				BFB8506820ABE02E007FC8F9 /* maryswatchTests.swift in Sources */,
			);
			runOnlyForDeploymentPostprocessing = 0;
		};
		BFB8506A20ABE02E007FC8F9 /* Sources */ = {
			isa = PBXSourcesBuildPhase;
			buildActionMask = 2147483647;
			files = (
				BFB8507320ABE02E007FC8F9 /* maryswatchUITests.swift in Sources */,
			);
			runOnlyForDeploymentPostprocessing = 0;
		};
/* End PBXSourcesBuildPhase section */

/* Begin PBXTargetDependency section */
		BFB8506520ABE02E007FC8F9 /* PBXTargetDependency */ = {
			isa = PBXTargetDependency;
			target = BFB8504E20ABE029007FC8F9 /* maryswatch */;
			targetProxy = BFB8506420ABE02E007FC8F9 /* PBXContainerItemProxy */;
		};
		BFB8507020ABE02E007FC8F9 /* PBXTargetDependency */ = {
			isa = PBXTargetDependency;
			target = BFB8504E20ABE029007FC8F9 /* maryswatch */;
			targetProxy = BFB8506F20ABE02E007FC8F9 /* PBXContainerItemProxy */;
		};
/* End PBXTargetDependency section */

/* Begin PBXVariantGroup section */
		BFB8505620ABE02A007FC8F9 /* Main.storyboard */ = {
			isa = PBXVariantGroup;
			children = (
				BFB8505720ABE02A007FC8F9 /* Base */,
			);
			name = Main.storyboard;
			sourceTree = "<group>";
		};
		BFB8505B20ABE02E007FC8F9 /* LaunchScreen.storyboard */ = {
			isa = PBXVariantGroup;
			children = (
				BFB8505C20ABE02E007FC8F9 /* Base */,
			);
			name = LaunchScreen.storyboard;
			sourceTree = "<group>";
		};
/* End PBXVariantGroup section */

/* Begin XCBuildConfiguration section */
		BFB8507520ABE02E007FC8F9 /* Debug */ = {
			isa = XCBuildConfiguration;
			buildSettings = {
				ALWAYS_SEARCH_USER_PATHS = NO;
				CLANG_ANALYZER_NONNULL = YES;
				CLANG_ANALYZER_NUMBER_OBJECT_CONVERSION = YES_AGGRESSIVE;
				CLANG_CXX_LANGUAGE_STANDARD = "gnu++14";
				CLANG_CXX_LIBRARY = "libc++";
				CLANG_ENABLE_MODULES = YES;
				CLANG_ENABLE_OBJC_ARC = YES;
				CLANG_ENABLE_OBJC_WEAK = YES;
				CLANG_WARN_BLOCK_CAPTURE_AUTORELEASING = YES;
				CLANG_WARN_BOOL_CONVERSION = YES;
				CLANG_WARN_COMMA = YES;
				CLANG_WARN_CONSTANT_CONVERSION = YES;
				CLANG_WARN_DEPRECATED_OBJC_IMPLEMENTATIONS = YES;
				CLANG_WARN_DIRECT_OBJC_ISA_USAGE = YES_ERROR;
				CLANG_WARN_DOCUMENTATION_COMMENTS = YES;
				CLANG_WARN_EMPTY_BODY = YES;
				CLANG_WARN_ENUM_CONVERSION = YES;
				CLANG_WARN_INFINITE_RECURSION = YES;
				CLANG_WARN_INT_CONVERSION = YES;
				CLANG_WARN_NON_LITERAL_NULL_CONVERSION = YES;
				CLANG_WARN_OBJC_IMPLICIT_RETAIN_SELF = YES;
				CLANG_WARN_OBJC_LITERAL_CONVERSION = YES;
				CLANG_WARN_OBJC_ROOT_CLASS = YES_ERROR;
				CLANG_WARN_RANGE_LOOP_ANALYSIS = YES;
				CLANG_WARN_STRICT_PROTOTYPES = YES;
				CLANG_WARN_SUSPICIOUS_MOVE = YES;
				CLANG_WARN_UNGUARDED_AVAILABILITY = YES_AGGRESSIVE;
				CLANG_WARN_UNREACHABLE_CODE = YES;
				CLANG_WARN__DUPLICATE_METHOD_MATCH = YES;
				CODE_SIGN_IDENTITY = "iPhone Developer";
				COPY_PHASE_STRIP = NO;
				DEBUG_INFORMATION_FORMAT = dwarf;
				ENABLE_STRICT_OBJC_MSGSEND = YES;
				ENABLE_TESTABILITY = YES;
				GCC_C_LANGUAGE_STANDARD = gnu11;
				GCC_DYNAMIC_NO_PIC = NO;
				GCC_NO_COMMON_BLOCKS = YES;
				GCC_OPTIMIZATION_LEVEL = 0;
				GCC_PREPROCESSOR_DEFINITIONS = (
					"DEBUG=1",
					"$(inherited)",
				);
				GCC_WARN_64_TO_32_BIT_CONVERSION = YES;
				GCC_WARN_ABOUT_RETURN_TYPE = YES_ERROR;
				GCC_WARN_UNDECLARED_SELECTOR = YES;
				GCC_WARN_UNINITIALIZED_AUTOS = YES_AGGRESSIVE;
				GCC_WARN_UNUSED_FUNCTION = YES;
				GCC_WARN_UNUSED_VARIABLE = YES;
				IPHONEOS_DEPLOYMENT_TARGET = 11.3;
				MTL_ENABLE_DEBUG_INFO = YES;
				ONLY_ACTIVE_ARCH = YES;
				SDKROOT = iphoneos;
				SWIFT_ACTIVE_COMPILATION_CONDITIONS = DEBUG;
				SWIFT_OPTIMIZATION_LEVEL = "-Onone";
			};
			name = Debug;
		};
		BFB8507620ABE02E007FC8F9 /* Release */ = {
			isa = XCBuildConfiguration;
			buildSettings = {
				ALWAYS_SEARCH_USER_PATHS = NO;
				CLANG_ANALYZER_NONNULL = YES;
				CLANG_ANALYZER_NUMBER_OBJECT_CONVERSION = YES_AGGRESSIVE;
				CLANG_CXX_LANGUAGE_STANDARD = "gnu++14";
				CLANG_CXX_LIBRARY = "libc++";
				CLANG_ENABLE_MODULES = YES;
				CLANG_ENABLE_OBJC_ARC = YES;
				CLANG_ENABLE_OBJC_WEAK = YES;
				CLANG_WARN_BLOCK_CAPTURE_AUTORELEASING = YES;
				CLANG_WARN_BOOL_CONVERSION = YES;
				CLANG_WARN_COMMA = YES;
				CLANG_WARN_CONSTANT_CONVERSION = YES;
				CLANG_WARN_DEPRECATED_OBJC_IMPLEMENTATIONS = YES;
				CLANG_WARN_DIRECT_OBJC_ISA_USAGE = YES_ERROR;
				CLANG_WARN_DOCUMENTATION_COMMENTS = YES;
				CLANG_WARN_EMPTY_BODY = YES;
				CLANG_WARN_ENUM_CONVERSION = YES;
				CLANG_WARN_INFINITE_RECURSION = YES;
				CLANG_WARN_INT_CONVERSION = YES;
				CLANG_WARN_NON_LITERAL_NULL_CONVERSION = YES;
				CLANG_WARN_OBJC_IMPLICIT_RETAIN_SELF = YES;
				CLANG_WARN_OBJC_LITERAL_CONVERSION = YES;
				CLANG_WARN_OBJC_ROOT_CLASS = YES_ERROR;
				CLANG_WARN_RANGE_LOOP_ANALYSIS = YES;
				CLANG_WARN_STRICT_PROTOTYPES = YES;
				CLANG_WARN_SUSPICIOUS_MOVE = YES;
				CLANG_WARN_UNGUARDED_AVAILABILITY = YES_AGGRESSIVE;
				CLANG_WARN_UNREACHABLE_CODE = YES;
				CLANG_WARN__DUPLICATE_METHOD_MATCH = YES;
				CODE_SIGN_IDENTITY = "iPhone Developer";
				COPY_PHASE_STRIP = NO;
				DEBUG_INFORMATION_FORMAT = "dwarf-with-dsym";
				ENABLE_NS_ASSERTIONS = NO;
				ENABLE_STRICT_OBJC_MSGSEND = YES;
				GCC_C_LANGUAGE_STANDARD = gnu11;
				GCC_NO_COMMON_BLOCKS = YES;
				GCC_WARN_64_TO_32_BIT_CONVERSION = YES;
				GCC_WARN_ABOUT_RETURN_TYPE = YES_ERROR;
				GCC_WARN_UNDECLARED_SELECTOR = YES;
				GCC_WARN_UNINITIALIZED_AUTOS = YES_AGGRESSIVE;
				GCC_WARN_UNUSED_FUNCTION = YES;
				GCC_WARN_UNUSED_VARIABLE = YES;
				IPHONEOS_DEPLOYMENT_TARGET = 11.3;
				MTL_ENABLE_DEBUG_INFO = NO;
				SDKROOT = iphoneos;
				SWIFT_COMPILATION_MODE = wholemodule;
				SWIFT_OPTIMIZATION_LEVEL = "-O";
				VALIDATE_PRODUCT = YES;
			};
			name = Release;
		};
		BFB8507820ABE02E007FC8F9 /* Debug */ = {
			isa = XCBuildConfiguration;
			buildSettings = {
				ASSETCATALOG_COMPILER_APPICON_NAME = "AppIcon-1";
				CODE_SIGN_STYLE = Automatic;
				DEVELOPMENT_TEAM = 8HWGTPK72S;
				INFOPLIST_FILE = maryswatch/Info.plist;
				LD_RUNPATH_SEARCH_PATHS = (
					"$(inherited)",
					"@executable_path/Frameworks",
				);
				PRODUCT_BUNDLE_IDENTIFIER = "FOGDev-Studios.maryswatch";
				PRODUCT_NAME = "$(TARGET_NAME)";
				SWIFT_VERSION = 4.0;
				TARGETED_DEVICE_FAMILY = "1,2";
			};
			name = Debug;
		};
		BFB8507920ABE02E007FC8F9 /* Release */ = {
			isa = XCBuildConfiguration;
			buildSettings = {
				ASSETCATALOG_COMPILER_APPICON_NAME = "AppIcon-1";
				CODE_SIGN_STYLE = Automatic;
				DEVELOPMENT_TEAM = 8HWGTPK72S;
				INFOPLIST_FILE = maryswatch/Info.plist;
				LD_RUNPATH_SEARCH_PATHS = (
					"$(inherited)",
					"@executable_path/Frameworks",
				);
				PRODUCT_BUNDLE_IDENTIFIER = "FOGDev-Studios.maryswatch";
				PRODUCT_NAME = "$(TARGET_NAME)";
				SWIFT_VERSION = 4.0;
				TARGETED_DEVICE_FAMILY = "1,2";
			};
			name = Release;
		};
		BFB8507B20ABE02E007FC8F9 /* Debug */ = {
			isa = XCBuildConfiguration;
			buildSettings = {
				ALWAYS_EMBED_SWIFT_STANDARD_LIBRARIES = YES;
				BUNDLE_LOADER = "$(TEST_HOST)";
				CODE_SIGN_STYLE = Automatic;
				INFOPLIST_FILE = maryswatchTests/Info.plist;
				LD_RUNPATH_SEARCH_PATHS = (
					"$(inherited)",
					"@executable_path/Frameworks",
					"@loader_path/Frameworks",
				);
				PRODUCT_BUNDLE_IDENTIFIER = "FOGDev-Studios.maryswatchTests";
				PRODUCT_NAME = "$(TARGET_NAME)";
				SWIFT_VERSION = 4.0;
				TARGETED_DEVICE_FAMILY = "1,2";
				TEST_HOST = "$(BUILT_PRODUCTS_DIR)/maryswatch.app/maryswatch";
			};
			name = Debug;
		};
		BFB8507C20ABE02E007FC8F9 /* Release */ = {
			isa = XCBuildConfiguration;
			buildSettings = {
				ALWAYS_EMBED_SWIFT_STANDARD_LIBRARIES = YES;
				BUNDLE_LOADER = "$(TEST_HOST)";
				CODE_SIGN_STYLE = Automatic;
				INFOPLIST_FILE = maryswatchTests/Info.plist;
				LD_RUNPATH_SEARCH_PATHS = (
					"$(inherited)",
					"@executable_path/Frameworks",
					"@loader_path/Frameworks",
				);
				PRODUCT_BUNDLE_IDENTIFIER = "FOGDev-Studios.maryswatchTests";
				PRODUCT_NAME = "$(TARGET_NAME)";
				SWIFT_VERSION = 4.0;
				TARGETED_DEVICE_FAMILY = "1,2";
				TEST_HOST = "$(BUILT_PRODUCTS_DIR)/maryswatch.app/maryswatch";
			};
			name = Release;
		};
		BFB8507E20ABE02E007FC8F9 /* Debug */ = {
			isa = XCBuildConfiguration;
			buildSettings = {
				ALWAYS_EMBED_SWIFT_STANDARD_LIBRARIES = YES;
				CODE_SIGN_STYLE = Automatic;
				INFOPLIST_FILE = maryswatchUITests/Info.plist;
				LD_RUNPATH_SEARCH_PATHS = (
					"$(inherited)",
					"@executable_path/Frameworks",
					"@loader_path/Frameworks",
				);
				PRODUCT_BUNDLE_IDENTIFIER = "FOGDev-Studios.maryswatchUITests";
				PRODUCT_NAME = "$(TARGET_NAME)";
				SWIFT_VERSION = 4.0;
				TARGETED_DEVICE_FAMILY = "1,2";
				TEST_TARGET_NAME = maryswatch;
			};
			name = Debug;
		};
		BFB8507F20ABE02E007FC8F9 /* Release */ = {
			isa = XCBuildConfiguration;
			buildSettings = {
				ALWAYS_EMBED_SWIFT_STANDARD_LIBRARIES = YES;
				CODE_SIGN_STYLE = Automatic;
				INFOPLIST_FILE = maryswatchUITests/Info.plist;
				LD_RUNPATH_SEARCH_PATHS = (
					"$(inherited)",
					"@executable_path/Frameworks",
					"@loader_path/Frameworks",
				);
				PRODUCT_BUNDLE_IDENTIFIER = "FOGDev-Studios.maryswatchUITests";
				PRODUCT_NAME = "$(TARGET_NAME)";
				SWIFT_VERSION = 4.0;
				TARGETED_DEVICE_FAMILY = "1,2";
				TEST_TARGET_NAME = maryswatch;
			};
			name = Release;
		};
/* End XCBuildConfiguration section */

/* Begin XCConfigurationList section */
		BFB8504A20ABE029007FC8F9 /* Build configuration list for PBXProject "maryswatch" */ = {
			isa = XCConfigurationList;
			buildConfigurations = (
				BFB8507520ABE02E007FC8F9 /* Debug */,
				BFB8507620ABE02E007FC8F9 /* Release */,
			);
			defaultConfigurationIsVisible = 0;
			defaultConfigurationName = Release;
		};
		BFB8507720ABE02E007FC8F9 /* Build configuration list for PBXNativeTarget "maryswatch" */ = {
			isa = XCConfigurationList;
			buildConfigurations = (
				BFB8507820ABE02E007FC8F9 /* Debug */,
				BFB8507920ABE02E007FC8F9 /* Release */,
			);
			defaultConfigurationIsVisible = 0;
			defaultConfigurationName = Release;
		};
		BFB8507A20ABE02E007FC8F9 /* Build configuration list for PBXNativeTarget "maryswatchTests" */ = {
			isa = XCConfigurationList;
			buildConfigurations = (
				BFB8507B20ABE02E007FC8F9 /* Debug */,
				BFB8507C20ABE02E007FC8F9 /* Release */,
			);
			defaultConfigurationIsVisible = 0;
			defaultConfigurationName = Release;
		};
		BFB8507D20ABE02E007FC8F9 /* Build configuration list for PBXNativeTarget "maryswatchUITests" */ = {
			isa = XCConfigurationList;
			buildConfigurations = (
				BFB8507E20ABE02E007FC8F9 /* Debug */,
				BFB8507F20ABE02E007FC8F9 /* Release */,
			);
			defaultConfigurationIsVisible = 0;
			defaultConfigurationName = Release;
		};
/* End XCConfigurationList section */
	};
	rootObject = BFB8504720ABE029007FC8F9 /* Project object */;
}
